
Microsoft Visual Studio Solution File, Format Version 12.00
# Visual Studio Version 17
VisualStudioVersion = 17.10.34928.147
MinimumVisualStudioVersion = 10.0.40219.1
Project("{FAE04EC0-301F-11D3-BF4B-00C04F79EFBC}") = "NZWalks.API", "NZWalks.API\NZWalks.API.csproj", "{C961B5B6-7E4B-4C3F-AB77-5045C18D2F2E}"
EndProject
Global
	GlobalSection(SolutionConfigurationPlatforms) = preSolution
		Debug|Any CPU = Debug|Any CPU
		Release|Any CPU = Release|Any CPU
	EndGlobalSection
	GlobalSection(ProjectConfigurationPlatforms) = postSolution
		{C961B5B6-7E4B-4C3F-AB77-5045C18D2F2E}.Debug|Any CPU.ActiveCfg = Debug|Any CPU
		{C961B5B6-7E4B-4C3F-AB77-5045C18D2F2E}.Debug|Any CPU.Build.0 = Debug|Any CPU
		{C961B5B6-7E4B-4C3F-AB77-5045C18D2F2E}.Release|Any CPU.ActiveCfg = Release|Any CPU
		{C961B5B6-7E4B-4C3F-AB77-5045C18D2F2E}.Release|Any CPU.Build.0 = Release|Any CPU
	EndGlobalSection
	GlobalSection(SolutionProperties) = preSolution
		HideSolutionNode = FALSE
	EndGlobalSection
	GlobalSection(ExtensibilityGlobals) = postSolution
		SolutionGuid = {CE9E2C9E-3DA2-4CF2-9A71-22B4C9EAF43E}
	EndGlobalSection
EndGlobal
